
Microsoft Visual Studio Solution File, Format Version 12.00
# Visual Studio Version 17
VisualStudioVersion = 17.13.35828.75 d17.13
MinimumVisualStudioVersion = 10.0.40219.1
Project("{FAE04EC0-301F-11D3-BF4B-00C04F79EFBC}") = "Promedio Dos Numeros 2", "Promedio Dos Numeros 2\Promedio Dos Numeros 2.csproj", "{7F112D5A-0EFD-40BF-A0F3-3F0D16B002FD}"
EndProject
Global
	GlobalSection(SolutionConfigurationPlatforms) = preSolution
		Debug|Any CPU = Debug|Any CPU
		Release|Any CPU = Release|Any CPU
	EndGlobalSection
	GlobalSection(ProjectConfigurationPlatforms) = postSolution
		{7F112D5A-0EFD-40BF-A0F3-3F0D16B002FD}.Debug|Any CPU.ActiveCfg = Debug|Any CPU
		{7F112D5A-0EFD-40BF-A0F3-3F0D16B002FD}.Debug|Any CPU.Build.0 = Debug|Any CPU
		{7F112D5A-0EFD-40BF-A0F3-3F0D16B002FD}.Release|Any CPU.ActiveCfg = Release|Any CPU
		{7F112D5A-0EFD-40BF-A0F3-3F0D16B002FD}.Release|Any CPU.Build.0 = Release|Any CPU
	EndGlobalSection
	GlobalSection(SolutionProperties) = preSolution
		HideSolutionNode = FALSE
	EndGlobalSection
	GlobalSection(ExtensibilityGlobals) = postSolution
		SolutionGuid = {5BE73707-8794-4563-8226-BE71CCC8E97A}
	EndGlobalSection
EndGlobal
