
Microsoft Visual Studio Solution File, Format Version 12.00
# Visual Studio Version 17
VisualStudioVersion = 17.13.35828.75 d17.13
MinimumVisualStudioVersion = 10.0.40219.1
Project("{FAE04EC0-301F-11D3-BF4B-00C04F79EFBC}") = "Gestion Estudiantes", "Gestion Estudiantes\Gestion Estudiantes.csproj", "{519BB94A-0ACF-4315-BCF3-49F42893B350}"
EndProject
Global
	GlobalSection(SolutionConfigurationPlatforms) = preSolution
		Debug|Any CPU = Debug|Any CPU
		Release|Any CPU = Release|Any CPU
	EndGlobalSection
	GlobalSection(ProjectConfigurationPlatforms) = postSolution
		{519BB94A-0ACF-4315-BCF3-49F42893B350}.Debug|Any CPU.ActiveCfg = Debug|Any CPU
		{519BB94A-0ACF-4315-BCF3-49F42893B350}.Debug|Any CPU.Build.0 = Debug|Any CPU
		{519BB94A-0ACF-4315-BCF3-49F42893B350}.Release|Any CPU.ActiveCfg = Release|Any CPU
		{519BB94A-0ACF-4315-BCF3-49F42893B350}.Release|Any CPU.Build.0 = Release|Any CPU
	EndGlobalSection
	GlobalSection(SolutionProperties) = preSolution
		HideSolutionNode = FALSE
	EndGlobalSection
	GlobalSection(ExtensibilityGlobals) = postSolution
		SolutionGuid = {EAB4D45D-2293-4A4B-BD8B-F8F461E1377D}
	EndGlobalSection
EndGlobal
