
Microsoft Visual Studio Solution File, Format Version 12.00
# Visual Studio Version 17
VisualStudioVersion = 17.14.36203.30 d17.14
MinimumVisualStudioVersion = 10.0.40219.1
Project("{FAE04EC0-301F-11D3-BF4B-00C04F79EFBC}") = "GestionsEstudiantes", "GestionsEstudiantes\GestionsEstudiantes.csproj", "{C0D6566D-96DE-408B-8A17-B5FAEFC78548}"
EndProject
Global
	GlobalSection(SolutionConfigurationPlatforms) = preSolution
		Debug|Any CPU = Debug|Any CPU
		Release|Any CPU = Release|Any CPU
	EndGlobalSection
	GlobalSection(ProjectConfigurationPlatforms) = postSolution
		{C0D6566D-96DE-408B-8A17-B5FAEFC78548}.Debug|Any CPU.ActiveCfg = Debug|Any CPU
		{C0D6566D-96DE-408B-8A17-B5FAEFC78548}.Debug|Any CPU.Build.0 = Debug|Any CPU
		{C0D6566D-96DE-408B-8A17-B5FAEFC78548}.Release|Any CPU.ActiveCfg = Release|Any CPU
		{C0D6566D-96DE-408B-8A17-B5FAEFC78548}.Release|Any CPU.Build.0 = Release|Any CPU
	EndGlobalSection
	GlobalSection(SolutionProperties) = preSolution
		HideSolutionNode = FALSE
	EndGlobalSection
	GlobalSection(ExtensibilityGlobals) = postSolution
		SolutionGuid = {F7A9B7BD-8271-4819-9B48-919E6E1368AC}
	EndGlobalSection
EndGlobal
