
Microsoft Visual Studio Solution File, Format Version 12.00
# Visual Studio Version 17
VisualStudioVersion = 17.13.35828.75 d17.13
MinimumVisualStudioVersion = 10.0.40219.1
Project("{FAE04EC0-301F-11D3-BF4B-00C04F79EFBC}") = "Salario Mensual", "Salario Mensual\Salario Mensual.csproj", "{622DD494-0DFA-4F21-8F39-3C73057CFD68}"
EndProject
Global
	GlobalSection(SolutionConfigurationPlatforms) = preSolution
		Debug|Any CPU = Debug|Any CPU
		Release|Any CPU = Release|Any CPU
	EndGlobalSection
	GlobalSection(ProjectConfigurationPlatforms) = postSolution
		{622DD494-0DFA-4F21-8F39-3C73057CFD68}.Debug|Any CPU.ActiveCfg = Debug|Any CPU
		{622DD494-0DFA-4F21-8F39-3C73057CFD68}.Debug|Any CPU.Build.0 = Debug|Any CPU
		{622DD494-0DFA-4F21-8F39-3C73057CFD68}.Release|Any CPU.ActiveCfg = Release|Any CPU
		{622DD494-0DFA-4F21-8F39-3C73057CFD68}.Release|Any CPU.Build.0 = Release|Any CPU
	EndGlobalSection
	GlobalSection(SolutionProperties) = preSolution
		HideSolutionNode = FALSE
	EndGlobalSection
	GlobalSection(ExtensibilityGlobals) = postSolution
		SolutionGuid = {6C9FC1CD-DDB9-40E6-AC44-DFB3DC06FE73}
	EndGlobalSection
EndGlobal
